
Microsoft Visual Studio Solution File, Format Version 12.00
Project("{FAE04EC0-301F-11D3-BF4B-00C04F79EFBC}") = "StayEase.APIs", "StayEase.APIs\StayEase.APIs.csproj", "{DBDE99C0-40B9-4D40-B8D5-3F2664FD512B}"
EndProject
Project("{FAE04EC0-301F-11D3-BF4B-00C04F79EFBC}") = "StayEase.Application", "StayEase.Application\StayEase.Application.csproj", "{9893B9B4-2094-46EE-8F6C-BD692C152C46}"
EndProject
Project("{FAE04EC0-301F-11D3-BF4B-00C04F79EFBC}") = "StayEase.Domain", "StayEase.Domain\StayEase.Domain.csproj", "{911BFC42-8996-43CA-B972-488D58EBFE24}"
EndProject
Project("{FAE04EC0-301F-11D3-BF4B-00C04F79EFBC}") = "StayEase.Infrastructure", "StayEase.Infrastructure\StayEase.Infrastructure.csproj", "{D55A4B17-658D-429B-87E2-1FFDC79615A3}"
EndProject
Global
	GlobalSection(SolutionConfigurationPlatforms) = preSolution
		Debug|Any CPU = Debug|Any CPU
		Release|Any CPU = Release|Any CPU
	EndGlobalSection
	GlobalSection(ProjectConfigurationPlatforms) = postSolution
		{DBDE99C0-40B9-4D40-B8D5-3F2664FD512B}.Debug|Any CPU.ActiveCfg = Debug|Any CPU
		{DBDE99C0-40B9-4D40-B8D5-3F2664FD512B}.Debug|Any CPU.Build.0 = Debug|Any CPU
		{DBDE99C0-40B9-4D40-B8D5-3F2664FD512B}.Release|Any CPU.ActiveCfg = Release|Any CPU
		{DBDE99C0-40B9-4D40-B8D5-3F2664FD512B}.Release|Any CPU.Build.0 = Release|Any CPU
		{9893B9B4-2094-46EE-8F6C-BD692C152C46}.Debug|Any CPU.ActiveCfg = Debug|Any CPU
		{9893B9B4-2094-46EE-8F6C-BD692C152C46}.Debug|Any CPU.Build.0 = Debug|Any CPU
		{9893B9B4-2094-46EE-8F6C-BD692C152C46}.Release|Any CPU.ActiveCfg = Release|Any CPU
		{9893B9B4-2094-46EE-8F6C-BD692C152C46}.Release|Any CPU.Build.0 = Release|Any CPU
		{911BFC42-8996-43CA-B972-488D58EBFE24}.Debug|Any CPU.ActiveCfg = Debug|Any CPU
		{911BFC42-8996-43CA-B972-488D58EBFE24}.Debug|Any CPU.Build.0 = Debug|Any CPU
		{911BFC42-8996-43CA-B972-488D58EBFE24}.Release|Any CPU.ActiveCfg = Release|Any CPU
		{911BFC42-8996-43CA-B972-488D58EBFE24}.Release|Any CPU.Build.0 = Release|Any CPU
		{D55A4B17-658D-429B-87E2-1FFDC79615A3}.Debug|Any CPU.ActiveCfg = Debug|Any CPU
		{D55A4B17-658D-429B-87E2-1FFDC79615A3}.Debug|Any CPU.Build.0 = Debug|Any CPU
		{D55A4B17-658D-429B-87E2-1FFDC79615A3}.Release|Any CPU.ActiveCfg = Release|Any CPU
		{D55A4B17-658D-429B-87E2-1FFDC79615A3}.Release|Any CPU.Build.0 = Release|Any CPU
	EndGlobalSection
	GlobalSection(NestedProjects) = preSolution
	EndGlobalSection
EndGlobal
