
Microsoft Visual Studio Solution File, Format Version 12.00
Project("{2150E333-8FDC-42A3-9474-1A3956D46DE8}") = "BookingService", "BookingService", "{C80A24FB-329F-4005-A1D4-546561F2E6D8}"
EndProject
Project("{2150E333-8FDC-42A3-9474-1A3956D46DE8}") = "NotificationService", "NotificationService", "{22A7A048-7805-4D11-AC70-3F9F5B78CCEE}"
EndProject
Project("{2150E333-8FDC-42A3-9474-1A3956D46DE8}") = "PropertyService", "PropertyService", "{3EC3BDCA-EBAF-4649-AFEA-49F04B3FE812}"
EndProject
Project("{2150E333-8FDC-42A3-9474-1A3956D46DE8}") = "UserService", "UserService", "{86798E6A-460C-4429-B834-81D1CB26B850}"
EndProject
Project("{FAE04EC0-301F-11D3-BF4B-00C04F79EFBC}") = "BookingService.Application", "services\BookingService\BookingService.Application\BookingService.Application.csproj", "{A43F7294-9C80-4619-9792-D440C9D5F05C}"
EndProject
Project("{FAE04EC0-301F-11D3-BF4B-00C04F79EFBC}") = "BookingService.Infrastructure", "services\BookingService\BookingService.Infrastructure\BookingService.Infrastructure.csproj", "{47974BC0-9EE0-49DC-B8C7-752A0FA8CF7A}"
EndProject
Project("{FAE04EC0-301F-11D3-BF4B-00C04F79EFBC}") = "BookingService.Domain", "services\BookingService\BookingService.Domain\BookingService.Domain.csproj", "{C03803FC-A3A9-4084-A817-553448BC0E5D}"
EndProject
Project("{FAE04EC0-301F-11D3-BF4B-00C04F79EFBC}") = "BookingService.API", "services\BookingService\BookingService.API\BookingService.API.csproj", "{85997A12-7CB8-4974-AF4E-1DB6DB0DD2B6}"
EndProject
Project("{FAE04EC0-301F-11D3-BF4B-00C04F79EFBC}") = "NotificationService.API", "services\NotificationService\NotificationService.API\NotificationService.API.csproj", "{A0643C9A-F243-49B1-94DF-C379616F30D9}"
EndProject
Project("{FAE04EC0-301F-11D3-BF4B-00C04F79EFBC}") = "NotificationService.Application", "services\NotificationService\NotificationService.Application\NotificationService.Application.csproj", "{53F2F51F-2C29-4CE6-A2CE-CB28F1741A21}"
EndProject
Project("{FAE04EC0-301F-11D3-BF4B-00C04F79EFBC}") = "NotificationService.Infrastructure", "services\NotificationService\NotificationService.Infrastructure\NotificationService.Infrastructure.csproj", "{CD587CBB-DD22-4053-AB70-1EA67CBD41E4}"
EndProject
Project("{FAE04EC0-301F-11D3-BF4B-00C04F79EFBC}") = "NotificationService.Domain", "services\NotificationService\NotificationService.Domain\NotificationService.Domain.csproj", "{BC8FE4BB-D970-4BB7-8101-21BEA819D708}"
EndProject
Project("{FAE04EC0-301F-11D3-BF4B-00C04F79EFBC}") = "PropertyService.API", "services\PropertyService\PropertyService.API\PropertyService.API.csproj", "{2D1A4045-0F3B-4BB1-AA99-A12CE72C83B3}"
EndProject
Project("{FAE04EC0-301F-11D3-BF4B-00C04F79EFBC}") = "PropertyService.Application", "services\PropertyService\PropertyService.Application\PropertyService.Application.csproj", "{36C36178-B505-4D6E-BD64-AE06BD310B74}"
EndProject
Project("{FAE04EC0-301F-11D3-BF4B-00C04F79EFBC}") = "PropertyService.Domain", "services\PropertyService\PropertyService.Domain\PropertyService.Domain.csproj", "{2C625260-4D0B-43E3-9346-D80461DE67C2}"
EndProject
Project("{FAE04EC0-301F-11D3-BF4B-00C04F79EFBC}") = "PropertyService.Infrastructure", "services\PropertyService\PropertyService.Infrastructure\PropertyService.Infrastructure.csproj", "{48F60D96-6C07-4E0E-88B5-FE561192C2D7}"
EndProject
Project("{FAE04EC0-301F-11D3-BF4B-00C04F79EFBC}") = "UserService.API", "services\UserService\UserService.API\UserService.API.csproj", "{C6DFDFA7-B762-41D4-8B80-C2E2CBE081E2}"
EndProject
Project("{FAE04EC0-301F-11D3-BF4B-00C04F79EFBC}") = "UserService.Application", "services\UserService\UserService.Application\UserService.Application.csproj", "{E09185D5-D48E-41BB-8313-CDB3F691BFCD}"
EndProject
Project("{FAE04EC0-301F-11D3-BF4B-00C04F79EFBC}") = "UserService.Domain", "services\UserService\UserService.Domain\UserService.Domain.csproj", "{75C834A0-7785-4528-9DEE-132653E0E33F}"
EndProject
Project("{FAE04EC0-301F-11D3-BF4B-00C04F79EFBC}") = "UserService.Infrastructure", "services\UserService\UserService.Infrastructure\UserService.Infrastructure.csproj", "{DB53513A-68A6-45D9-BFB5-FC508C9496F2}"
EndProject
Global
	GlobalSection(SolutionConfigurationPlatforms) = preSolution
		Debug|Any CPU = Debug|Any CPU
		Release|Any CPU = Release|Any CPU
	EndGlobalSection
	GlobalSection(ProjectConfigurationPlatforms) = postSolution
		{A43F7294-9C80-4619-9792-D440C9D5F05C}.Debug|Any CPU.ActiveCfg = Debug|Any CPU
		{A43F7294-9C80-4619-9792-D440C9D5F05C}.Debug|Any CPU.Build.0 = Debug|Any CPU
		{A43F7294-9C80-4619-9792-D440C9D5F05C}.Release|Any CPU.ActiveCfg = Release|Any CPU
		{A43F7294-9C80-4619-9792-D440C9D5F05C}.Release|Any CPU.Build.0 = Release|Any CPU
		{47974BC0-9EE0-49DC-B8C7-752A0FA8CF7A}.Debug|Any CPU.ActiveCfg = Debug|Any CPU
		{47974BC0-9EE0-49DC-B8C7-752A0FA8CF7A}.Debug|Any CPU.Build.0 = Debug|Any CPU
		{47974BC0-9EE0-49DC-B8C7-752A0FA8CF7A}.Release|Any CPU.ActiveCfg = Release|Any CPU
		{47974BC0-9EE0-49DC-B8C7-752A0FA8CF7A}.Release|Any CPU.Build.0 = Release|Any CPU
		{C03803FC-A3A9-4084-A817-553448BC0E5D}.Debug|Any CPU.ActiveCfg = Debug|Any CPU
		{C03803FC-A3A9-4084-A817-553448BC0E5D}.Debug|Any CPU.Build.0 = Debug|Any CPU
		{C03803FC-A3A9-4084-A817-553448BC0E5D}.Release|Any CPU.ActiveCfg = Release|Any CPU
		{C03803FC-A3A9-4084-A817-553448BC0E5D}.Release|Any CPU.Build.0 = Release|Any CPU
		{85997A12-7CB8-4974-AF4E-1DB6DB0DD2B6}.Debug|Any CPU.ActiveCfg = Debug|Any CPU
		{85997A12-7CB8-4974-AF4E-1DB6DB0DD2B6}.Debug|Any CPU.Build.0 = Debug|Any CPU
		{85997A12-7CB8-4974-AF4E-1DB6DB0DD2B6}.Release|Any CPU.ActiveCfg = Release|Any CPU
		{85997A12-7CB8-4974-AF4E-1DB6DB0DD2B6}.Release|Any CPU.Build.0 = Release|Any CPU
		{A0643C9A-F243-49B1-94DF-C379616F30D9}.Debug|Any CPU.ActiveCfg = Debug|Any CPU
		{A0643C9A-F243-49B1-94DF-C379616F30D9}.Debug|Any CPU.Build.0 = Debug|Any CPU
		{A0643C9A-F243-49B1-94DF-C379616F30D9}.Release|Any CPU.ActiveCfg = Release|Any CPU
		{A0643C9A-F243-49B1-94DF-C379616F30D9}.Release|Any CPU.Build.0 = Release|Any CPU
		{53F2F51F-2C29-4CE6-A2CE-CB28F1741A21}.Debug|Any CPU.ActiveCfg = Debug|Any CPU
		{53F2F51F-2C29-4CE6-A2CE-CB28F1741A21}.Debug|Any CPU.Build.0 = Debug|Any CPU
		{53F2F51F-2C29-4CE6-A2CE-CB28F1741A21}.Release|Any CPU.ActiveCfg = Release|Any CPU
		{53F2F51F-2C29-4CE6-A2CE-CB28F1741A21}.Release|Any CPU.Build.0 = Release|Any CPU
		{CD587CBB-DD22-4053-AB70-1EA67CBD41E4}.Debug|Any CPU.ActiveCfg = Debug|Any CPU
		{CD587CBB-DD22-4053-AB70-1EA67CBD41E4}.Debug|Any CPU.Build.0 = Debug|Any CPU
		{CD587CBB-DD22-4053-AB70-1EA67CBD41E4}.Release|Any CPU.ActiveCfg = Release|Any CPU
		{CD587CBB-DD22-4053-AB70-1EA67CBD41E4}.Release|Any CPU.Build.0 = Release|Any CPU
		{BC8FE4BB-D970-4BB7-8101-21BEA819D708}.Debug|Any CPU.ActiveCfg = Debug|Any CPU
		{BC8FE4BB-D970-4BB7-8101-21BEA819D708}.Debug|Any CPU.Build.0 = Debug|Any CPU
		{BC8FE4BB-D970-4BB7-8101-21BEA819D708}.Release|Any CPU.ActiveCfg = Release|Any CPU
		{BC8FE4BB-D970-4BB7-8101-21BEA819D708}.Release|Any CPU.Build.0 = Release|Any CPU
		{2D1A4045-0F3B-4BB1-AA99-A12CE72C83B3}.Debug|Any CPU.ActiveCfg = Debug|Any CPU
		{2D1A4045-0F3B-4BB1-AA99-A12CE72C83B3}.Debug|Any CPU.Build.0 = Debug|Any CPU
		{2D1A4045-0F3B-4BB1-AA99-A12CE72C83B3}.Release|Any CPU.ActiveCfg = Release|Any CPU
		{2D1A4045-0F3B-4BB1-AA99-A12CE72C83B3}.Release|Any CPU.Build.0 = Release|Any CPU
		{36C36178-B505-4D6E-BD64-AE06BD310B74}.Debug|Any CPU.ActiveCfg = Debug|Any CPU
		{36C36178-B505-4D6E-BD64-AE06BD310B74}.Debug|Any CPU.Build.0 = Debug|Any CPU
		{36C36178-B505-4D6E-BD64-AE06BD310B74}.Release|Any CPU.ActiveCfg = Release|Any CPU
		{36C36178-B505-4D6E-BD64-AE06BD310B74}.Release|Any CPU.Build.0 = Release|Any CPU
		{2C625260-4D0B-43E3-9346-D80461DE67C2}.Debug|Any CPU.ActiveCfg = Debug|Any CPU
		{2C625260-4D0B-43E3-9346-D80461DE67C2}.Debug|Any CPU.Build.0 = Debug|Any CPU
		{2C625260-4D0B-43E3-9346-D80461DE67C2}.Release|Any CPU.ActiveCfg = Release|Any CPU
		{2C625260-4D0B-43E3-9346-D80461DE67C2}.Release|Any CPU.Build.0 = Release|Any CPU
		{48F60D96-6C07-4E0E-88B5-FE561192C2D7}.Debug|Any CPU.ActiveCfg = Debug|Any CPU
		{48F60D96-6C07-4E0E-88B5-FE561192C2D7}.Debug|Any CPU.Build.0 = Debug|Any CPU
		{48F60D96-6C07-4E0E-88B5-FE561192C2D7}.Release|Any CPU.ActiveCfg = Release|Any CPU
		{48F60D96-6C07-4E0E-88B5-FE561192C2D7}.Release|Any CPU.Build.0 = Release|Any CPU
		{C6DFDFA7-B762-41D4-8B80-C2E2CBE081E2}.Debug|Any CPU.ActiveCfg = Debug|Any CPU
		{C6DFDFA7-B762-41D4-8B80-C2E2CBE081E2}.Debug|Any CPU.Build.0 = Debug|Any CPU
		{C6DFDFA7-B762-41D4-8B80-C2E2CBE081E2}.Release|Any CPU.ActiveCfg = Release|Any CPU
		{C6DFDFA7-B762-41D4-8B80-C2E2CBE081E2}.Release|Any CPU.Build.0 = Release|Any CPU
		{E09185D5-D48E-41BB-8313-CDB3F691BFCD}.Debug|Any CPU.ActiveCfg = Debug|Any CPU
		{E09185D5-D48E-41BB-8313-CDB3F691BFCD}.Debug|Any CPU.Build.0 = Debug|Any CPU
		{E09185D5-D48E-41BB-8313-CDB3F691BFCD}.Release|Any CPU.ActiveCfg = Release|Any CPU
		{E09185D5-D48E-41BB-8313-CDB3F691BFCD}.Release|Any CPU.Build.0 = Release|Any CPU
		{75C834A0-7785-4528-9DEE-132653E0E33F}.Debug|Any CPU.ActiveCfg = Debug|Any CPU
		{75C834A0-7785-4528-9DEE-132653E0E33F}.Debug|Any CPU.Build.0 = Debug|Any CPU
		{75C834A0-7785-4528-9DEE-132653E0E33F}.Release|Any CPU.ActiveCfg = Release|Any CPU
		{75C834A0-7785-4528-9DEE-132653E0E33F}.Release|Any CPU.Build.0 = Release|Any CPU
		{DB53513A-68A6-45D9-BFB5-FC508C9496F2}.Debug|Any CPU.ActiveCfg = Debug|Any CPU
		{DB53513A-68A6-45D9-BFB5-FC508C9496F2}.Debug|Any CPU.Build.0 = Debug|Any CPU
		{DB53513A-68A6-45D9-BFB5-FC508C9496F2}.Release|Any CPU.ActiveCfg = Release|Any CPU
		{DB53513A-68A6-45D9-BFB5-FC508C9496F2}.Release|Any CPU.Build.0 = Release|Any CPU
	EndGlobalSection
	GlobalSection(NestedProjects) = preSolution
		{A43F7294-9C80-4619-9792-D440C9D5F05C} = {C80A24FB-329F-4005-A1D4-546561F2E6D8}
		{47974BC0-9EE0-49DC-B8C7-752A0FA8CF7A} = {C80A24FB-329F-4005-A1D4-546561F2E6D8}
		{C03803FC-A3A9-4084-A817-553448BC0E5D} = {C80A24FB-329F-4005-A1D4-546561F2E6D8}
		{85997A12-7CB8-4974-AF4E-1DB6DB0DD2B6} = {C80A24FB-329F-4005-A1D4-546561F2E6D8}
		{A0643C9A-F243-49B1-94DF-C379616F30D9} = {22A7A048-7805-4D11-AC70-3F9F5B78CCEE}
		{53F2F51F-2C29-4CE6-A2CE-CB28F1741A21} = {22A7A048-7805-4D11-AC70-3F9F5B78CCEE}
		{CD587CBB-DD22-4053-AB70-1EA67CBD41E4} = {22A7A048-7805-4D11-AC70-3F9F5B78CCEE}
		{BC8FE4BB-D970-4BB7-8101-21BEA819D708} = {22A7A048-7805-4D11-AC70-3F9F5B78CCEE}
		{2D1A4045-0F3B-4BB1-AA99-A12CE72C83B3} = {3EC3BDCA-EBAF-4649-AFEA-49F04B3FE812}
		{36C36178-B505-4D6E-BD64-AE06BD310B74} = {3EC3BDCA-EBAF-4649-AFEA-49F04B3FE812}
		{2C625260-4D0B-43E3-9346-D80461DE67C2} = {3EC3BDCA-EBAF-4649-AFEA-49F04B3FE812}
		{48F60D96-6C07-4E0E-88B5-FE561192C2D7} = {3EC3BDCA-EBAF-4649-AFEA-49F04B3FE812}
		{C6DFDFA7-B762-41D4-8B80-C2E2CBE081E2} = {86798E6A-460C-4429-B834-81D1CB26B850}
		{E09185D5-D48E-41BB-8313-CDB3F691BFCD} = {86798E6A-460C-4429-B834-81D1CB26B850}
		{75C834A0-7785-4528-9DEE-132653E0E33F} = {86798E6A-460C-4429-B834-81D1CB26B850}
		{DB53513A-68A6-45D9-BFB5-FC508C9496F2} = {86798E6A-460C-4429-B834-81D1CB26B850}
	EndGlobalSection
EndGlobal
