
Microsoft Visual Studio Solution File, Format Version 12.00
Project("{FAE04EC0-301F-11D3-BF4B-00C04F79EFBC}") = "StayEase", "StayEase.csproj", "{272B4EB7-E9A6-48C8-A1A1-BC09F12E52D6}"
EndProject
Global
	GlobalSection(SolutionConfigurationPlatforms) = preSolution
		Debug|Any CPU = Debug|Any CPU
		Release|Any CPU = Release|Any CPU
	EndGlobalSection
	GlobalSection(ProjectConfigurationPlatforms) = postSolution
		{272B4EB7-E9A6-48C8-A1A1-BC09F12E52D6}.Debug|Any CPU.ActiveCfg = Debug|Any CPU
		{272B4EB7-E9A6-48C8-A1A1-BC09F12E52D6}.Debug|Any CPU.Build.0 = Debug|Any CPU
		{272B4EB7-E9A6-48C8-A1A1-BC09F12E52D6}.Release|Any CPU.ActiveCfg = Release|Any CPU
		{272B4EB7-E9A6-48C8-A1A1-BC09F12E52D6}.Release|Any CPU.Build.0 = Release|Any CPU
	EndGlobalSection
EndGlobal
